// !$*UTF8*$!
{
	archiveVersion = 1;
	classes = {
	};
	objectVersion = 56;
	objects = {

/* Begin PBXBuildFile section */
		CBDD558529B79B710098917F /* AppDelegate.swift in Sources */ = {isa = PBXBuildFile; fileRef = CBDD558429B79B710098917F /* AppDelegate.swift */; };
		CBDD558729B79B710098917F /* SceneDelegate.swift in Sources */ = {isa = PBXBuildFile; fileRef = CBDD558629B79B710098917F /* SceneDelegate.swift */; };
		CBDD558E29B79B720098917F /* Assets.xcassets in Resources */ = {isa = PBXBuildFile; fileRef = CBDD558D29B79B720098917F /* Assets.xcassets */; };
		CBDD559129B79B720098917F /* LaunchScreen.storyboard in Resources */ = {isa = PBXBuildFile; fileRef = CBDD558F29B79B720098917F /* LaunchScreen.storyboard */; };
		CBDD559929B9DDB30098917F /* HabitsStore.swift in Sources */ = {isa = PBXBuildFile; fileRef = CBDD559829B9DDB30098917F /* HabitsStore.swift */; };
		CBDD559B29B9E2EB0098917F /* HabitsViewController.swift in Sources */ = {isa = PBXBuildFile; fileRef = CBDD559A29B9E2EB0098917F /* HabitsViewController.swift */; };
		CBDD559D29B9E3360098917F /* InfoViewController.swift in Sources */ = {isa = PBXBuildFile; fileRef = CBDD559C29B9E3360098917F /* InfoViewController.swift */; };
		CBDD55A129BA59470098917F /* InfoText.swift in Sources */ = {isa = PBXBuildFile; fileRef = CBDD55A029BA59470098917F /* InfoText.swift */; };
		CBE1043A29C4A03000590923 /* ProgressCollectionViewCell.swift in Sources */ = {isa = PBXBuildFile; fileRef = CBE1043929C4A03000590923 /* ProgressCollectionViewCell.swift */; };
		CBE1043C29C4F8D900590923 /* HabitCollectionViewCell.swift in Sources */ = {isa = PBXBuildFile; fileRef = CBE1043B29C4F8D900590923 /* HabitCollectionViewCell.swift */; };
		CBE7D65F29C114ED00598ECA /* HabitViewController.swift in Sources */ = {isa = PBXBuildFile; fileRef = CBE7D65E29C114ED00598ECA /* HabitViewController.swift */; };
		CBE7D66129C39B6900598ECA /* CircleButton.swift in Sources */ = {isa = PBXBuildFile; fileRef = CBE7D66029C39B6900598ECA /* CircleButton.swift */; };
/* End PBXBuildFile section */

/* Begin PBXFileReference section */
		CBDD558129B79B710098917F /* MyHabits.app */ = {isa = PBXFileReference; explicitFileType = wrapper.application; includeInIndex = 0; path = MyHabits.app; sourceTree = BUILT_PRODUCTS_DIR; };
		CBDD558429B79B710098917F /* AppDelegate.swift */ = {isa = PBXFileReference; lastKnownFileType = sourcecode.swift; path = AppDelegate.swift; sourceTree = "<group>"; };
		CBDD558629B79B710098917F /* SceneDelegate.swift */ = {isa = PBXFileReference; lastKnownFileType = sourcecode.swift; path = SceneDelegate.swift; sourceTree = "<group>"; };
		CBDD558D29B79B720098917F /* Assets.xcassets */ = {isa = PBXFileReference; lastKnownFileType = folder.assetcatalog; path = Assets.xcassets; sourceTree = "<group>"; };
		CBDD559029B79B720098917F /* Base */ = {isa = PBXFileReference; lastKnownFileType = file.storyboard; name = Base; path = Base.lproj/LaunchScreen.storyboard; sourceTree = "<group>"; };
		CBDD559229B79B720098917F /* Info.plist */ = {isa = PBXFileReference; lastKnownFileType = text.plist.xml; path = Info.plist; sourceTree = "<group>"; };
		CBDD559829B9DDB30098917F /* HabitsStore.swift */ = {isa = PBXFileReference; lastKnownFileType = sourcecode.swift; path = HabitsStore.swift; sourceTree = "<group>"; };
		CBDD559A29B9E2EB0098917F /* HabitsViewController.swift */ = {isa = PBXFileReference; lastKnownFileType = sourcecode.swift; path = HabitsViewController.swift; sourceTree = "<group>"; };
		CBDD559C29B9E3360098917F /* InfoViewController.swift */ = {isa = PBXFileReference; lastKnownFileType = sourcecode.swift; path = InfoViewController.swift; sourceTree = "<group>"; };
		CBDD55A029BA59470098917F /* InfoText.swift */ = {isa = PBXFileReference; lastKnownFileType = sourcecode.swift; path = InfoText.swift; sourceTree = "<group>"; };
		CBE1043929C4A03000590923 /* ProgressCollectionViewCell.swift */ = {isa = PBXFileReference; lastKnownFileType = sourcecode.swift; path = ProgressCollectionViewCell.swift; sourceTree = "<group>"; };
		CBE1043B29C4F8D900590923 /* HabitCollectionViewCell.swift */ = {isa = PBXFileReference; lastKnownFileType = sourcecode.swift; path = HabitCollectionViewCell.swift; sourceTree = "<group>"; };
		CBE7D65E29C114ED00598ECA /* HabitViewController.swift */ = {isa = PBXFileReference; lastKnownFileType = sourcecode.swift; path = HabitViewController.swift; sourceTree = "<group>"; };
		CBE7D66029C39B6900598ECA /* CircleButton.swift */ = {isa = PBXFileReference; lastKnownFileType = sourcecode.swift; path = CircleButton.swift; sourceTree = "<group>"; };
/* End PBXFileReference section */

/* Begin PBXFrameworksBuildPhase section */
		CBDD557E29B79B710098917F /* Frameworks */ = {
			isa = PBXFrameworksBuildPhase;
			buildActionMask = 2147483647;
			files = (
			);
			runOnlyForDeploymentPostprocessing = 0;
		};
/* End PBXFrameworksBuildPhase section */

/* Begin PBXGroup section */
		CBDD557829B79B710098917F = {
			isa = PBXGroup;
			children = (
				CBDD558329B79B710098917F /* MyHabits */,
				CBDD558229B79B710098917F /* Products */,
			);
			sourceTree = "<group>";
		};
		CBDD558229B79B710098917F /* Products */ = {
			isa = PBXGroup;
			children = (
				CBDD558129B79B710098917F /* MyHabits.app */,
			);
			name = Products;
			sourceTree = "<group>";
		};
		CBDD558329B79B710098917F /* MyHabits */ = {
			isa = PBXGroup;
			children = (
				CBDD558429B79B710098917F /* AppDelegate.swift */,
				CBDD558629B79B710098917F /* SceneDelegate.swift */,
				CBDD559F29B9E3C50098917F /* Model */,
				CBDD559E29B9E34C0098917F /* Controllers */,
				CBDD558D29B79B720098917F /* Assets.xcassets */,
				CBDD558F29B79B720098917F /* LaunchScreen.storyboard */,
				CBDD559229B79B720098917F /* Info.plist */,
			);
			path = MyHabits;
			sourceTree = "<group>";
		};
		CBDD559E29B9E34C0098917F /* Controllers */ = {
			isa = PBXGroup;
			children = (
				CBDD559A29B9E2EB0098917F /* HabitsViewController.swift */,
				CBE1043B29C4F8D900590923 /* HabitCollectionViewCell.swift */,
				CBE1043929C4A03000590923 /* ProgressCollectionViewCell.swift */,
				CBE7D65E29C114ED00598ECA /* HabitViewController.swift */,
				CBDD559C29B9E3360098917F /* InfoViewController.swift */,
			);
			path = Controllers;
			sourceTree = "<group>";
		};
		CBDD559F29B9E3C50098917F /* Model */ = {
			isa = PBXGroup;
			children = (
				CBDD559829B9DDB30098917F /* HabitsStore.swift */,
				CBDD55A029BA59470098917F /* InfoText.swift */,
				CBE7D66029C39B6900598ECA /* CircleButton.swift */,
			);
			path = Model;
			sourceTree = "<group>";
		};
/* End PBXGroup section */

/* Begin PBXNativeTarget section */
		CBDD558029B79B710098917F /* MyHabits */ = {
			isa = PBXNativeTarget;
			buildConfigurationList = CBDD559529B79B720098917F /* Build configuration list for PBXNativeTarget "MyHabits" */;
			buildPhases = (
				CBDD557D29B79B710098917F /* Sources */,
				CBDD557E29B79B710098917F /* Frameworks */,
				CBDD557F29B79B710098917F /* Resources */,
			);
			buildRules = (
			);
			dependencies = (
			);
			name = MyHabits;
			productName = MyHabits;
			productReference = CBDD558129B79B710098917F /* MyHabits.app */;
			productType = "com.apple.product-type.application";
		};
/* End PBXNativeTarget section */

/* Begin PBXProject section */
		CBDD557929B79B710098917F /* Project object */ = {
			isa = PBXProject;
			attributes = {
				BuildIndependentTargetsInParallel = 1;
				LastSwiftUpdateCheck = 1420;
				LastUpgradeCheck = 1420;
				TargetAttributes = {
					CBDD558029B79B710098917F = {
						CreatedOnToolsVersion = 14.2;
					};
				};
			};
			buildConfigurationList = CBDD557C29B79B710098917F /* Build configuration list for PBXProject "MyHabits" */;
			compatibilityVersion = "Xcode 14.0";
			developmentRegion = en;
			hasScannedForEncodings = 0;
			knownRegions = (
				en,
				Base,
			);
			mainGroup = CBDD557829B79B710098917F;
			productRefGroup = CBDD558229B79B710098917F /* Products */;
			projectDirPath = "";
			projectRoot = "";
			targets = (
				CBDD558029B79B710098917F /* MyHabits */,
			);
		};
/* End PBXProject section */

/* Begin PBXResourcesBuildPhase section */
		CBDD557F29B79B710098917F /* Resources */ = {
			isa = PBXResourcesBuildPhase;
			buildActionMask = 2147483647;
			files = (
				CBDD559129B79B720098917F /* LaunchScreen.storyboard in Resources */,
				CBDD558E29B79B720098917F /* Assets.xcassets in Resources */,
			);
			runOnlyForDeploymentPostprocessing = 0;
		};
/* End PBXResourcesBuildPhase section */

/* Begin PBXSourcesBuildPhase section */
		CBDD557D29B79B710098917F /* Sources */ = {
			isa = PBXSourcesBuildPhase;
			buildActionMask = 2147483647;
			files = (
				CBDD559929B9DDB30098917F /* HabitsStore.swift in Sources */,
				CBDD558529B79B710098917F /* AppDelegate.swift in Sources */,
				CBE7D65F29C114ED00598ECA /* HabitViewController.swift in Sources */,
				CBDD55A129BA59470098917F /* InfoText.swift in Sources */,
				CBE7D66129C39B6900598ECA /* CircleButton.swift in Sources */,
				CBE1043A29C4A03000590923 /* ProgressCollectionViewCell.swift in Sources */,
				CBDD559B29B9E2EB0098917F /* HabitsViewController.swift in Sources */,
				CBDD559D29B9E3360098917F /* InfoViewController.swift in Sources */,
				CBDD558729B79B710098917F /* SceneDelegate.swift in Sources */,
				CBE1043C29C4F8D900590923 /* HabitCollectionViewCell.swift in Sources */,
			);
			runOnlyForDeploymentPostprocessing = 0;
		};
/* End PBXSourcesBuildPhase section */

/* Begin PBXVariantGroup section */
		CBDD558F29B79B720098917F /* LaunchScreen.storyboard */ = {
			isa = PBXVariantGroup;
			children = (
				CBDD559029B79B720098917F /* Base */,
			);
			name = LaunchScreen.storyboard;
			sourceTree = "<group>";
		};
/* End PBXVariantGroup section */

/* Begin XCBuildConfiguration section */
		CBDD559329B79B720098917F /* Debug */ = {
			isa = XCBuildConfiguration;
			buildSettings = {
				ALWAYS_SEARCH_USER_PATHS = NO;
				CLANG_ANALYZER_NONNULL = YES;
				CLANG_ANALYZER_NUMBER_OBJECT_CONVERSION = YES_AGGRESSIVE;
				CLANG_CXX_LANGUAGE_STANDARD = "gnu++20";
				CLANG_ENABLE_MODULES = YES;
				CLANG_ENABLE_OBJC_ARC = YES;
				CLANG_ENABLE_OBJC_WEAK = YES;
				CLANG_WARN_BLOCK_CAPTURE_AUTORELEASING = YES;
				CLANG_WARN_BOOL_CONVERSION = YES;
				CLANG_WARN_COMMA = YES;
				CLANG_WARN_CONSTANT_CONVERSION = YES;
				CLANG_WARN_DEPRECATED_OBJC_IMPLEMENTATIONS = YES;
				CLANG_WARN_DIRECT_OBJC_ISA_USAGE = YES_ERROR;
				CLANG_WARN_DOCUMENTATION_COMMENTS = YES;
				CLANG_WARN_EMPTY_BODY = YES;
				CLANG_WARN_ENUM_CONVERSION = YES;
				CLANG_WARN_INFINITE_RECURSION = YES;
				CLANG_WARN_INT_CONVERSION = YES;
				CLANG_WARN_NON_LITERAL_NULL_CONVERSION = YES;
				CLANG_WARN_OBJC_IMPLICIT_RETAIN_SELF = YES;
				CLANG_WARN_OBJC_LITERAL_CONVERSION = YES;
				CLANG_WARN_OBJC_ROOT_CLASS = YES_ERROR;
				CLANG_WARN_QUOTED_INCLUDE_IN_FRAMEWORK_HEADER = YES;
				CLANG_WARN_RANGE_LOOP_ANALYSIS = YES;
				CLANG_WARN_STRICT_PROTOTYPES = YES;
				CLANG_WARN_SUSPICIOUS_MOVE = YES;
				CLANG_WARN_UNGUARDED_AVAILABILITY = YES_AGGRESSIVE;
				CLANG_WARN_UNREACHABLE_CODE = YES;
				CLANG_WARN__DUPLICATE_METHOD_MATCH = YES;
				COPY_PHASE_STRIP = NO;
				DEBUG_INFORMATION_FORMAT = dwarf;
				ENABLE_STRICT_OBJC_MSGSEND = YES;
				ENABLE_TESTABILITY = YES;
				GCC_C_LANGUAGE_STANDARD = gnu11;
				GCC_DYNAMIC_NO_PIC = NO;
				GCC_NO_COMMON_BLOCKS = YES;
				GCC_OPTIMIZATION_LEVEL = 0;
				GCC_PREPROCESSOR_DEFINITIONS = (
					"DEBUG=1",
					"$(inherited)",
				);
				GCC_WARN_64_TO_32_BIT_CONVERSION = YES;
				GCC_WARN_ABOUT_RETURN_TYPE = YES_ERROR;
				GCC_WARN_UNDECLARED_SELECTOR = YES;
				GCC_WARN_UNINITIALIZED_AUTOS = YES_AGGRESSIVE;
				GCC_WARN_UNUSED_FUNCTION = YES;
				GCC_WARN_UNUSED_VARIABLE = YES;
				IPHONEOS_DEPLOYMENT_TARGET = 16.2;
				MTL_ENABLE_DEBUG_INFO = INCLUDE_SOURCE;
				MTL_FAST_MATH = YES;
				ONLY_ACTIVE_ARCH = YES;
				SDKROOT = iphoneos;
				SWIFT_ACTIVE_COMPILATION_CONDITIONS = DEBUG;
				SWIFT_OPTIMIZATION_LEVEL = "-Onone";
			};
			name = Debug;
		};
		CBDD559429B79B720098917F /* Release */ = {
			isa = XCBuildConfiguration;
			buildSettings = {
				ALWAYS_SEARCH_USER_PATHS = NO;
				CLANG_ANALYZER_NONNULL = YES;
				CLANG_ANALYZER_NUMBER_OBJECT_CONVERSION = YES_AGGRESSIVE;
				CLANG_CXX_LANGUAGE_STANDARD = "gnu++20";
				CLANG_ENABLE_MODULES = YES;
				CLANG_ENABLE_OBJC_ARC = YES;
				CLANG_ENABLE_OBJC_WEAK = YES;
				CLANG_WARN_BLOCK_CAPTURE_AUTORELEASING = YES;
				CLANG_WARN_BOOL_CONVERSION = YES;
				CLANG_WARN_COMMA = YES;
				CLANG_WARN_CONSTANT_CONVERSION = YES;
				CLANG_WARN_DEPRECATED_OBJC_IMPLEMENTATIONS = YES;
				CLANG_WARN_DIRECT_OBJC_ISA_USAGE = YES_ERROR;
				CLANG_WARN_DOCUMENTATION_COMMENTS = YES;
				CLANG_WARN_EMPTY_BODY = YES;
				CLANG_WARN_ENUM_CONVERSION = YES;
				CLANG_WARN_INFINITE_RECURSION = YES;
				CLANG_WARN_INT_CONVERSION = YES;
				CLANG_WARN_NON_LITERAL_NULL_CONVERSION = YES;
				CLANG_WARN_OBJC_IMPLICIT_RETAIN_SELF = YES;
				CLANG_WARN_OBJC_LITERAL_CONVERSION = YES;
				CLANG_WARN_OBJC_ROOT_CLASS = YES_ERROR;
				CLANG_WARN_QUOTED_INCLUDE_IN_FRAMEWORK_HEADER = YES;
				CLANG_WARN_RANGE_LOOP_ANALYSIS = YES;
				CLANG_WARN_STRICT_PROTOTYPES = YES;
				CLANG_WARN_SUSPICIOUS_MOVE = YES;
				CLANG_WARN_UNGUARDED_AVAILABILITY = YES_AGGRESSIVE;
				CLANG_WARN_UNREACHABLE_CODE = YES;
				CLANG_WARN__DUPLICATE_METHOD_MATCH = YES;
				COPY_PHASE_STRIP = NO;
				DEBUG_INFORMATION_FORMAT = "dwarf-with-dsym";
				ENABLE_NS_ASSERTIONS = NO;
				ENABLE_STRICT_OBJC_MSGSEND = YES;
				GCC_C_LANGUAGE_STANDARD = gnu11;
				GCC_NO_COMMON_BLOCKS = YES;
				GCC_WARN_64_TO_32_BIT_CONVERSION = YES;
				GCC_WARN_ABOUT_RETURN_TYPE = YES_ERROR;
				GCC_WARN_UNDECLARED_SELECTOR = YES;
				GCC_WARN_UNINITIALIZED_AUTOS = YES_AGGRESSIVE;
				GCC_WARN_UNUSED_FUNCTION = YES;
				GCC_WARN_UNUSED_VARIABLE = YES;
				IPHONEOS_DEPLOYMENT_TARGET = 16.2;
				MTL_ENABLE_DEBUG_INFO = NO;
				MTL_FAST_MATH = YES;
				SDKROOT = iphoneos;
				SWIFT_COMPILATION_MODE = wholemodule;
				SWIFT_OPTIMIZATION_LEVEL = "-O";
				VALIDATE_PRODUCT = YES;
			};
			name = Release;
		};
		CBDD559629B79B720098917F /* Debug */ = {
			isa = XCBuildConfiguration;
			buildSettings = {
				ASSETCATALOG_COMPILER_APPICON_NAME = AppIcon;
				ASSETCATALOG_COMPILER_GLOBAL_ACCENT_COLOR_NAME = AccentColor;
				CODE_SIGN_STYLE = Automatic;
				CURRENT_PROJECT_VERSION = 1;
				DEVELOPMENT_TEAM = 5JY83H55A5;
				GENERATE_INFOPLIST_FILE = YES;
				INFOPLIST_FILE = MyHabits/Info.plist;
				INFOPLIST_KEY_UIApplicationSupportsIndirectInputEvents = YES;
				INFOPLIST_KEY_UILaunchStoryboardName = LaunchScreen;
				INFOPLIST_KEY_UISupportedInterfaceOrientations = UIInterfaceOrientationPortrait;
				IPHONEOS_DEPLOYMENT_TARGET = 14.0;
				LD_RUNPATH_SEARCH_PATHS = (
					"$(inherited)",
					"@executable_path/Frameworks",
				);
				MARKETING_VERSION = 1.0;
				PRODUCT_BUNDLE_IDENTIFIER = ru.apbrandom.MyHabits;
				PRODUCT_NAME = "$(TARGET_NAME)";
				SWIFT_EMIT_LOC_STRINGS = YES;
				SWIFT_VERSION = 5.0;
				TARGETED_DEVICE_FAMILY = "1,2";
			};
			name = Debug;
		};
		CBDD559729B79B720098917F /* Release */ = {
			isa = XCBuildConfiguration;
			buildSettings = {
				ASSETCATALOG_COMPILER_APPICON_NAME = AppIcon;
				ASSETCATALOG_COMPILER_GLOBAL_ACCENT_COLOR_NAME = AccentColor;
				CODE_SIGN_STYLE = Automatic;
				CURRENT_PROJECT_VERSION = 1;
				DEVELOPMENT_TEAM = 5JY83H55A5;
				GENERATE_INFOPLIST_FILE = YES;
				INFOPLIST_FILE = MyHabits/Info.plist;
				INFOPLIST_KEY_UIApplicationSupportsIndirectInputEvents = YES;
				INFOPLIST_KEY_UILaunchStoryboardName = LaunchScreen;
				INFOPLIST_KEY_UISupportedInterfaceOrientations = UIInterfaceOrientationPortrait;
				IPHONEOS_DEPLOYMENT_TARGET = 14.0;
				LD_RUNPATH_SEARCH_PATHS = (
					"$(inherited)",
					"@executable_path/Frameworks",
				);
				MARKETING_VERSION = 1.0;
				PRODUCT_BUNDLE_IDENTIFIER = ru.apbrandom.MyHabits;
				PRODUCT_NAME = "$(TARGET_NAME)";
				SWIFT_EMIT_LOC_STRINGS = YES;
				SWIFT_VERSION = 5.0;
				TARGETED_DEVICE_FAMILY = "1,2";
			};
			name = Release;
		};
/* End XCBuildConfiguration section */

/* Begin XCConfigurationList section */
		CBDD557C29B79B710098917F /* Build configuration list for PBXProject "MyHabits" */ = {
			isa = XCConfigurationList;
			buildConfigurations = (
				CBDD559329B79B720098917F /* Debug */,
				CBDD559429B79B720098917F /* Release */,
			);
			defaultConfigurationIsVisible = 0;
			defaultConfigurationName = Release;
		};
		CBDD559529B79B720098917F /* Build configuration list for PBXNativeTarget "MyHabits" */ = {
			isa = XCConfigurationList;
			buildConfigurations = (
				CBDD559629B79B720098917F /* Debug */,
				CBDD559729B79B720098917F /* Release */,
			);
			defaultConfigurationIsVisible = 0;
			defaultConfigurationName = Release;
		};
/* End XCConfigurationList section */
	};
	rootObject = CBDD557929B79B710098917F /* Project object */;
}
